// !$*UTF8*$!
{
	archiveVersion = 1;
	classes = {
	};
	objectVersion = 56;
	objects = {

/* Begin PBXBuildFile section */
		CD1531112903885E005D37DD /* whiteboard_scannerApp.swift in Sources */ = {isa = PBXBuildFile; fileRef = CD1531102903885E005D37DD /* whiteboard_scannerApp.swift */; };
		CD1531132903885E005D37DD /* ContentView.swift in Sources */ = {isa = PBXBuildFile; fileRef = CD1531122903885E005D37DD /* ContentView.swift */; };
		CD15311529038860005D37DD /* Assets.xcassets in Resources */ = {isa = PBXBuildFile; fileRef = CD15311429038860005D37DD /* Assets.xcassets */; };
		CD15311829038860005D37DD /* Preview Assets.xcassets in Resources */ = {isa = PBXBuildFile; fileRef = CD15311729038860005D37DD /* Preview Assets.xcassets */; };
		CD15311F290393A1005D37DD /* HomeView.swift in Sources */ = {isa = PBXBuildFile; fileRef = CD15311E290393A1005D37DD /* HomeView.swift */; };
		CD153121290393B6005D37DD /* LibraryView.swift in Sources */ = {isa = PBXBuildFile; fileRef = CD153120290393B6005D37DD /* LibraryView.swift */; };
		CDAB187C291293FF0018829D /* PersistenceController.swift in Sources */ = {isa = PBXBuildFile; fileRef = CDAB187B291293FF0018829D /* PersistenceController.swift */; };
		CDAB18872912986A0018829D /* TimeFormatting.swift in Sources */ = {isa = PBXBuildFile; fileRef = CDAB18862912986A0018829D /* TimeFormatting.swift */; };
		CDC29E8229153A41008E2203 /* Import.swift in Sources */ = {isa = PBXBuildFile; fileRef = CDC29E8129153A41008E2203 /* Import.swift */; };
		CDF13EB52914E2FB00331308 /* WhiteboardDataModel.xcdatamodeld in Sources */ = {isa = PBXBuildFile; fileRef = CDF13EB32914E2FB00331308 /* WhiteboardDataModel.xcdatamodeld */; };
/* End PBXBuildFile section */

/* Begin PBXFileReference section */
		CD15310D2903885E005D37DD /* whiteboard-scanner.app */ = {isa = PBXFileReference; explicitFileType = wrapper.application; includeInIndex = 0; path = "whiteboard-scanner.app"; sourceTree = BUILT_PRODUCTS_DIR; };
		CD1531102903885E005D37DD /* whiteboard_scannerApp.swift */ = {isa = PBXFileReference; lastKnownFileType = sourcecode.swift; path = whiteboard_scannerApp.swift; sourceTree = "<group>"; };
		CD1531122903885E005D37DD /* ContentView.swift */ = {isa = PBXFileReference; lastKnownFileType = sourcecode.swift; path = ContentView.swift; sourceTree = "<group>"; };
		CD15311429038860005D37DD /* Assets.xcassets */ = {isa = PBXFileReference; lastKnownFileType = folder.assetcatalog; path = Assets.xcassets; sourceTree = "<group>"; };
		CD15311729038860005D37DD /* Preview Assets.xcassets */ = {isa = PBXFileReference; lastKnownFileType = folder.assetcatalog; path = "Preview Assets.xcassets"; sourceTree = "<group>"; };
		CD15311E290393A1005D37DD /* HomeView.swift */ = {isa = PBXFileReference; lastKnownFileType = sourcecode.swift; path = HomeView.swift; sourceTree = "<group>"; };
		CD153120290393B6005D37DD /* LibraryView.swift */ = {isa = PBXFileReference; lastKnownFileType = sourcecode.swift; path = LibraryView.swift; sourceTree = "<group>"; };
		CDAB187B291293FF0018829D /* PersistenceController.swift */ = {isa = PBXFileReference; lastKnownFileType = sourcecode.swift; path = PersistenceController.swift; sourceTree = "<group>"; };
		CDAB18862912986A0018829D /* TimeFormatting.swift */ = {isa = PBXFileReference; lastKnownFileType = sourcecode.swift; path = TimeFormatting.swift; sourceTree = "<group>"; };
		CDC29E8129153A41008E2203 /* Import.swift */ = {isa = PBXFileReference; lastKnownFileType = sourcecode.swift; path = Import.swift; sourceTree = "<group>"; };
		CDF13EB42914E2FB00331308 /* WhiteboardDataModel.xcdatamodel */ = {isa = PBXFileReference; lastKnownFileType = wrapper.xcdatamodel; path = WhiteboardDataModel.xcdatamodel; sourceTree = "<group>"; };
/* End PBXFileReference section */

/* Begin PBXFrameworksBuildPhase section */
		CD15310A2903885E005D37DD /* Frameworks */ = {
			isa = PBXFrameworksBuildPhase;
			buildActionMask = 2147483647;
			files = (
			);
			runOnlyForDeploymentPostprocessing = 0;
		};
/* End PBXFrameworksBuildPhase section */

/* Begin PBXGroup section */
		CD1531042903885E005D37DD = {
			isa = PBXGroup;
			children = (
				CD15310F2903885E005D37DD /* whiteboard-scanner */,
				CD15310E2903885E005D37DD /* Products */,
			);
			sourceTree = "<group>";
		};
		CD15310E2903885E005D37DD /* Products */ = {
			isa = PBXGroup;
			children = (
				CD15310D2903885E005D37DD /* whiteboard-scanner.app */,
			);
			name = Products;
			sourceTree = "<group>";
		};
		CD15310F2903885E005D37DD /* whiteboard-scanner */ = {
			isa = PBXGroup;
			children = (
				CD1531102903885E005D37DD /* whiteboard_scannerApp.swift */,
				CDC29E8029153A0F008E2203 /* Functions */,
				CDAB1885291298540018829D /* Helpers */,
				CDAB1884291298130018829D /* DataModel */,
				CDAB1883291297E00018829D /* Views */,
				CD15311429038860005D37DD /* Assets.xcassets */,
				CD15311629038860005D37DD /* Preview Content */,
			);
			path = "whiteboard-scanner";
			sourceTree = "<group>";
		};
		CD15311629038860005D37DD /* Preview Content */ = {
			isa = PBXGroup;
			children = (
				CD15311729038860005D37DD /* Preview Assets.xcassets */,
			);
			path = "Preview Content";
			sourceTree = "<group>";
		};
		CDAB1883291297E00018829D /* Views */ = {
			isa = PBXGroup;
			children = (
				CD1531122903885E005D37DD /* ContentView.swift */,
				CD15311E290393A1005D37DD /* HomeView.swift */,
				CD153120290393B6005D37DD /* LibraryView.swift */,
			);
			path = Views;
			sourceTree = "<group>";
		};
		CDAB1884291298130018829D /* DataModel */ = {
			isa = PBXGroup;
			children = (
				CDAB187B291293FF0018829D /* PersistenceController.swift */,
				CDF13EB32914E2FB00331308 /* WhiteboardDataModel.xcdatamodeld */,
			);
			path = DataModel;
			sourceTree = "<group>";
		};
		CDAB1885291298540018829D /* Helpers */ = {
			isa = PBXGroup;
			children = (
				CDAB18862912986A0018829D /* TimeFormatting.swift */,
			);
			path = Helpers;
			sourceTree = "<group>";
		};
		CDC29E8029153A0F008E2203 /* Functions */ = {
			isa = PBXGroup;
			children = (
				CDC29E8129153A41008E2203 /* Import.swift */,
			);
			path = Functions;
			sourceTree = "<group>";
		};
/* End PBXGroup section */

/* Begin PBXNativeTarget section */
		CD15310C2903885E005D37DD /* whiteboard-scanner */ = {
			isa = PBXNativeTarget;
			buildConfigurationList = CD15311B29038860005D37DD /* Build configuration list for PBXNativeTarget "whiteboard-scanner" */;
			buildPhases = (
				CD1531092903885E005D37DD /* Sources */,
				CD15310A2903885E005D37DD /* Frameworks */,
				CD15310B2903885E005D37DD /* Resources */,
			);
			buildRules = (
			);
			dependencies = (
			);
			name = "whiteboard-scanner";
			productName = "whiteboard-scanner";
			productReference = CD15310D2903885E005D37DD /* whiteboard-scanner.app */;
			productType = "com.apple.product-type.application";
		};
/* End PBXNativeTarget section */

/* Begin PBXProject section */
		CD1531052903885E005D37DD /* Project object */ = {
			isa = PBXProject;
			attributes = {
				BuildIndependentTargetsInParallel = 1;
				LastSwiftUpdateCheck = 1400;
				LastUpgradeCheck = 1400;
				TargetAttributes = {
					CD15310C2903885E005D37DD = {
						CreatedOnToolsVersion = 14.0.1;
					};
				};
			};
			buildConfigurationList = CD1531082903885E005D37DD /* Build configuration list for PBXProject "whiteboard-scanner" */;
			compatibilityVersion = "Xcode 14.0";
			developmentRegion = en;
			hasScannedForEncodings = 0;
			knownRegions = (
				en,
				Base,
			);
			mainGroup = CD1531042903885E005D37DD;
			productRefGroup = CD15310E2903885E005D37DD /* Products */;
			projectDirPath = "";
			projectRoot = "";
			targets = (
				CD15310C2903885E005D37DD /* whiteboard-scanner */,
			);
		};
/* End PBXProject section */

/* Begin PBXResourcesBuildPhase section */
		CD15310B2903885E005D37DD /* Resources */ = {
			isa = PBXResourcesBuildPhase;
			buildActionMask = 2147483647;
			files = (
				CD15311829038860005D37DD /* Preview Assets.xcassets in Resources */,
				CD15311529038860005D37DD /* Assets.xcassets in Resources */,
			);
			runOnlyForDeploymentPostprocessing = 0;
		};
/* End PBXResourcesBuildPhase section */

/* Begin PBXSourcesBuildPhase section */
		CD1531092903885E005D37DD /* Sources */ = {
			isa = PBXSourcesBuildPhase;
			buildActionMask = 2147483647;
			files = (
				CDF13EB52914E2FB00331308 /* WhiteboardDataModel.xcdatamodeld in Sources */,
				CDAB187C291293FF0018829D /* PersistenceController.swift in Sources */,
				CDC29E8229153A41008E2203 /* Import.swift in Sources */,
				CDAB18872912986A0018829D /* TimeFormatting.swift in Sources */,
				CD153121290393B6005D37DD /* LibraryView.swift in Sources */,
				CD15311F290393A1005D37DD /* HomeView.swift in Sources */,
				CD1531132903885E005D37DD /* ContentView.swift in Sources */,
				CD1531112903885E005D37DD /* whiteboard_scannerApp.swift in Sources */,
			);
			runOnlyForDeploymentPostprocessing = 0;
		};
/* End PBXSourcesBuildPhase section */

/* Begin XCBuildConfiguration section */
		CD15311929038860005D37DD /* Debug */ = {
			isa = XCBuildConfiguration;
			buildSettings = {
				ALWAYS_SEARCH_USER_PATHS = NO;
				CLANG_ANALYZER_NONNULL = YES;
				CLANG_ANALYZER_NUMBER_OBJECT_CONVERSION = YES_AGGRESSIVE;
				CLANG_CXX_LANGUAGE_STANDARD = "gnu++20";
				CLANG_ENABLE_MODULES = YES;
				CLANG_ENABLE_OBJC_ARC = YES;
				CLANG_ENABLE_OBJC_WEAK = YES;
				CLANG_WARN_BLOCK_CAPTURE_AUTORELEASING = YES;
				CLANG_WARN_BOOL_CONVERSION = YES;
				CLANG_WARN_COMMA = YES;
				CLANG_WARN_CONSTANT_CONVERSION = YES;
				CLANG_WARN_DEPRECATED_OBJC_IMPLEMENTATIONS = YES;
				CLANG_WARN_DIRECT_OBJC_ISA_USAGE = YES_ERROR;
				CLANG_WARN_DOCUMENTATION_COMMENTS = YES;
				CLANG_WARN_EMPTY_BODY = YES;
				CLANG_WARN_ENUM_CONVERSION = YES;
				CLANG_WARN_INFINITE_RECURSION = YES;
				CLANG_WARN_INT_CONVERSION = YES;
				CLANG_WARN_NON_LITERAL_NULL_CONVERSION = YES;
				CLANG_WARN_OBJC_IMPLICIT_RETAIN_SELF = YES;
				CLANG_WARN_OBJC_LITERAL_CONVERSION = YES;
				CLANG_WARN_OBJC_ROOT_CLASS = YES_ERROR;
				CLANG_WARN_QUOTED_INCLUDE_IN_FRAMEWORK_HEADER = YES;
				CLANG_WARN_RANGE_LOOP_ANALYSIS = YES;
				CLANG_WARN_STRICT_PROTOTYPES = YES;
				CLANG_WARN_SUSPICIOUS_MOVE = YES;
				CLANG_WARN_UNGUARDED_AVAILABILITY = YES_AGGRESSIVE;
				CLANG_WARN_UNREACHABLE_CODE = YES;
				CLANG_WARN__DUPLICATE_METHOD_MATCH = YES;
				COPY_PHASE_STRIP = NO;
				DEBUG_INFORMATION_FORMAT = dwarf;
				ENABLE_STRICT_OBJC_MSGSEND = YES;
				ENABLE_TESTABILITY = YES;
				GCC_C_LANGUAGE_STANDARD = gnu11;
				GCC_DYNAMIC_NO_PIC = NO;
				GCC_NO_COMMON_BLOCKS = YES;
				GCC_OPTIMIZATION_LEVEL = 0;
				GCC_PREPROCESSOR_DEFINITIONS = (
					"DEBUG=1",
					"$(inherited)",
				);
				GCC_WARN_64_TO_32_BIT_CONVERSION = YES;
				GCC_WARN_ABOUT_RETURN_TYPE = YES_ERROR;
				GCC_WARN_UNDECLARED_SELECTOR = YES;
				GCC_WARN_UNINITIALIZED_AUTOS = YES_AGGRESSIVE;
				GCC_WARN_UNUSED_FUNCTION = YES;
				GCC_WARN_UNUSED_VARIABLE = YES;
				IPHONEOS_DEPLOYMENT_TARGET = 16.0;
				MTL_ENABLE_DEBUG_INFO = INCLUDE_SOURCE;
				MTL_FAST_MATH = YES;
				ONLY_ACTIVE_ARCH = YES;
				SDKROOT = iphoneos;
				SWIFT_ACTIVE_COMPILATION_CONDITIONS = DEBUG;
				SWIFT_OPTIMIZATION_LEVEL = "-Onone";
			};
			name = Debug;
		};
		CD15311A29038860005D37DD /* Release */ = {
			isa = XCBuildConfiguration;
			buildSettings = {
				ALWAYS_SEARCH_USER_PATHS = NO;
				CLANG_ANALYZER_NONNULL = YES;
				CLANG_ANALYZER_NUMBER_OBJECT_CONVERSION = YES_AGGRESSIVE;
				CLANG_CXX_LANGUAGE_STANDARD = "gnu++20";
				CLANG_ENABLE_MODULES = YES;
				CLANG_ENABLE_OBJC_ARC = YES;
				CLANG_ENABLE_OBJC_WEAK = YES;
				CLANG_WARN_BLOCK_CAPTURE_AUTORELEASING = YES;
				CLANG_WARN_BOOL_CONVERSION = YES;
				CLANG_WARN_COMMA = YES;
				CLANG_WARN_CONSTANT_CONVERSION = YES;
				CLANG_WARN_DEPRECATED_OBJC_IMPLEMENTATIONS = YES;
				CLANG_WARN_DIRECT_OBJC_ISA_USAGE = YES_ERROR;
				CLANG_WARN_DOCUMENTATION_COMMENTS = YES;
				CLANG_WARN_EMPTY_BODY = YES;
				CLANG_WARN_ENUM_CONVERSION = YES;
				CLANG_WARN_INFINITE_RECURSION = YES;
				CLANG_WARN_INT_CONVERSION = YES;
				CLANG_WARN_NON_LITERAL_NULL_CONVERSION = YES;
				CLANG_WARN_OBJC_IMPLICIT_RETAIN_SELF = YES;
				CLANG_WARN_OBJC_LITERAL_CONVERSION = YES;
				CLANG_WARN_OBJC_ROOT_CLASS = YES_ERROR;
				CLANG_WARN_QUOTED_INCLUDE_IN_FRAMEWORK_HEADER = YES;
				CLANG_WARN_RANGE_LOOP_ANALYSIS = YES;
				CLANG_WARN_STRICT_PROTOTYPES = YES;
				CLANG_WARN_SUSPICIOUS_MOVE = YES;
				CLANG_WARN_UNGUARDED_AVAILABILITY = YES_AGGRESSIVE;
				CLANG_WARN_UNREACHABLE_CODE = YES;
				CLANG_WARN__DUPLICATE_METHOD_MATCH = YES;
				COPY_PHASE_STRIP = NO;
				DEBUG_INFORMATION_FORMAT = "dwarf-with-dsym";
				ENABLE_NS_ASSERTIONS = NO;
				ENABLE_STRICT_OBJC_MSGSEND = YES;
				GCC_C_LANGUAGE_STANDARD = gnu11;
				GCC_NO_COMMON_BLOCKS = YES;
				GCC_WARN_64_TO_32_BIT_CONVERSION = YES;
				GCC_WARN_ABOUT_RETURN_TYPE = YES_ERROR;
				GCC_WARN_UNDECLARED_SELECTOR = YES;
				GCC_WARN_UNINITIALIZED_AUTOS = YES_AGGRESSIVE;
				GCC_WARN_UNUSED_FUNCTION = YES;
				GCC_WARN_UNUSED_VARIABLE = YES;
				IPHONEOS_DEPLOYMENT_TARGET = 16.0;
				MTL_ENABLE_DEBUG_INFO = NO;
				MTL_FAST_MATH = YES;
				SDKROOT = iphoneos;
				SWIFT_COMPILATION_MODE = wholemodule;
				SWIFT_OPTIMIZATION_LEVEL = "-O";
				VALIDATE_PRODUCT = YES;
			};
			name = Release;
		};
		CD15311C29038860005D37DD /* Debug */ = {
			isa = XCBuildConfiguration;
			buildSettings = {
				ASSETCATALOG_COMPILER_APPICON_NAME = AppIcon;
				ASSETCATALOG_COMPILER_GLOBAL_ACCENT_COLOR_NAME = AccentColor;
				CODE_SIGN_STYLE = Automatic;
				CURRENT_PROJECT_VERSION = 1;
				DEVELOPMENT_ASSET_PATHS = "\"whiteboard-scanner/Preview Content\"";
				DEVELOPMENT_TEAM = 6C43UBPU7J;
				ENABLE_PREVIEWS = YES;
				GENERATE_INFOPLIST_FILE = YES;
				INFOPLIST_KEY_UIApplicationSceneManifest_Generation = YES;
				INFOPLIST_KEY_UIApplicationSupportsIndirectInputEvents = YES;
				INFOPLIST_KEY_UILaunchScreen_Generation = YES;
				INFOPLIST_KEY_UISupportedInterfaceOrientations_iPad = "UIInterfaceOrientationPortrait UIInterfaceOrientationPortraitUpsideDown UIInterfaceOrientationLandscapeLeft UIInterfaceOrientationLandscapeRight";
				INFOPLIST_KEY_UISupportedInterfaceOrientations_iPhone = "UIInterfaceOrientationPortrait UIInterfaceOrientationLandscapeLeft UIInterfaceOrientationLandscapeRight";
				LD_RUNPATH_SEARCH_PATHS = (
					"$(inherited)",
					"@executable_path/Frameworks",
				);
				MARKETING_VERSION = 1.0;
				PRODUCT_BUNDLE_IDENTIFIER = "sg.tk.whiteboard-scanner";
				PRODUCT_NAME = "$(TARGET_NAME)";
				SWIFT_EMIT_LOC_STRINGS = YES;
				SWIFT_VERSION = 5.0;
				TARGETED_DEVICE_FAMILY = "1,2";
			};
			name = Debug;
		};
		CD15311D29038860005D37DD /* Release */ = {
			isa = XCBuildConfiguration;
			buildSettings = {
				ASSETCATALOG_COMPILER_APPICON_NAME = AppIcon;
				ASSETCATALOG_COMPILER_GLOBAL_ACCENT_COLOR_NAME = AccentColor;
				CODE_SIGN_STYLE = Automatic;
				CURRENT_PROJECT_VERSION = 1;
				DEVELOPMENT_ASSET_PATHS = "\"whiteboard-scanner/Preview Content\"";
				DEVELOPMENT_TEAM = 6C43UBPU7J;
				ENABLE_PREVIEWS = YES;
				GENERATE_INFOPLIST_FILE = YES;
				INFOPLIST_KEY_UIApplicationSceneManifest_Generation = YES;
				INFOPLIST_KEY_UIApplicationSupportsIndirectInputEvents = YES;
				INFOPLIST_KEY_UILaunchScreen_Generation = YES;
				INFOPLIST_KEY_UISupportedInterfaceOrientations_iPad = "UIInterfaceOrientationPortrait UIInterfaceOrientationPortraitUpsideDown UIInterfaceOrientationLandscapeLeft UIInterfaceOrientationLandscapeRight";
				INFOPLIST_KEY_UISupportedInterfaceOrientations_iPhone = "UIInterfaceOrientationPortrait UIInterfaceOrientationLandscapeLeft UIInterfaceOrientationLandscapeRight";
				LD_RUNPATH_SEARCH_PATHS = (
					"$(inherited)",
					"@executable_path/Frameworks",
				);
				MARKETING_VERSION = 1.0;
				PRODUCT_BUNDLE_IDENTIFIER = "sg.tk.whiteboard-scanner";
				PRODUCT_NAME = "$(TARGET_NAME)";
				SWIFT_EMIT_LOC_STRINGS = YES;
				SWIFT_VERSION = 5.0;
				TARGETED_DEVICE_FAMILY = "1,2";
			};
			name = Release;
		};
/* End XCBuildConfiguration section */

/* Begin XCConfigurationList section */
		CD1531082903885E005D37DD /* Build configuration list for PBXProject "whiteboard-scanner" */ = {
			isa = XCConfigurationList;
			buildConfigurations = (
				CD15311929038860005D37DD /* Debug */,
				CD15311A29038860005D37DD /* Release */,
			);
			defaultConfigurationIsVisible = 0;
			defaultConfigurationName = Release;
		};
		CD15311B29038860005D37DD /* Build configuration list for PBXNativeTarget "whiteboard-scanner" */ = {
			isa = XCConfigurationList;
			buildConfigurations = (
				CD15311C29038860005D37DD /* Debug */,
				CD15311D29038860005D37DD /* Release */,
			);
			defaultConfigurationIsVisible = 0;
			defaultConfigurationName = Release;
		};
/* End XCConfigurationList section */

/* Begin XCVersionGroup section */
		CDF13EB32914E2FB00331308 /* WhiteboardDataModel.xcdatamodeld */ = {
			isa = XCVersionGroup;
			children = (
				CDF13EB42914E2FB00331308 /* WhiteboardDataModel.xcdatamodel */,
			);
			currentVersion = CDF13EB42914E2FB00331308 /* WhiteboardDataModel.xcdatamodel */;
			path = WhiteboardDataModel.xcdatamodeld;
			sourceTree = "<group>";
			versionGroupType = wrapper.xcdatamodel;
		};
/* End XCVersionGroup section */
	};
	rootObject = CD1531052903885E005D37DD /* Project object */;
}
